
Microsoft Visual Studio Solution File, Format Version 12.00
# Visual Studio Version 16
VisualStudioVersion = 16.0.29409.12
MinimumVisualStudioVersion = 10.0.40219.1
Project("{FAE04EC0-301F-11D3-BF4B-00C04F79EFBC}") = "Login", "Login\Login.csproj", "{50E39D75-5D95-442E-904A-7AD8EF2C409F}"
EndProject
Project("{FAE04EC0-301F-11D3-BF4B-00C04F79EFBC}") = "Clases", "Clases\Clases.csproj", "{EB40B443-DB9C-446C-8E26-084562060571}"
EndProject
Global
	GlobalSection(SolutionConfigurationPlatforms) = preSolution
		Debug|Any CPU = Debug|Any CPU
		Release|Any CPU = Release|Any CPU
	EndGlobalSection
	GlobalSection(ProjectConfigurationPlatforms) = postSolution
		{50E39D75-5D95-442E-904A-7AD8EF2C409F}.Debug|Any CPU.ActiveCfg = Debug|Any CPU
		{50E39D75-5D95-442E-904A-7AD8EF2C409F}.Debug|Any CPU.Build.0 = Debug|Any CPU
		{50E39D75-5D95-442E-904A-7AD8EF2C409F}.Release|Any CPU.ActiveCfg = Release|Any CPU
		{50E39D75-5D95-442E-904A-7AD8EF2C409F}.Release|Any CPU.Build.0 = Release|Any CPU
		{EB40B443-DB9C-446C-8E26-084562060571}.Debug|Any CPU.ActiveCfg = Debug|Any CPU
		{EB40B443-DB9C-446C-8E26-084562060571}.Debug|Any CPU.Build.0 = Debug|Any CPU
		{EB40B443-DB9C-446C-8E26-084562060571}.Release|Any CPU.ActiveCfg = Release|Any CPU
		{EB40B443-DB9C-446C-8E26-084562060571}.Release|Any CPU.Build.0 = Release|Any CPU
	EndGlobalSection
	GlobalSection(SolutionProperties) = preSolution
		HideSolutionNode = FALSE
	EndGlobalSection
	GlobalSection(ExtensibilityGlobals) = postSolution
		SolutionGuid = {2EE0E4A2-84DF-467E-8228-73CC89F85522}
	EndGlobalSection
EndGlobal
